
Microsoft Visual Studio Solution File, Format Version 12.00
# Visual Studio Version 16
VisualStudioVersion = 16.0.30621.155
MinimumVisualStudioVersion = 10.0.40219.1
Project("{FAE04EC0-301F-11D3-BF4B-00C04F79EFBC}") = "SuperheroCreator", "SuperheroCreator\SuperheroCreator.csproj", "{1F99948E-4BE9-4818-98FF-0AFD7052FABD}"
EndProject
Global
	GlobalSection(SolutionConfigurationPlatforms) = preSolution
		Debug|Any CPU = Debug|Any CPU
		Release|Any CPU = Release|Any CPU
	EndGlobalSection
	GlobalSection(ProjectConfigurationPlatforms) = postSolution
		{1F99948E-4BE9-4818-98FF-0AFD7052FABD}.Debug|Any CPU.ActiveCfg = Debug|Any CPU
		{1F99948E-4BE9-4818-98FF-0AFD7052FABD}.Debug|Any CPU.Build.0 = Debug|Any CPU
		{1F99948E-4BE9-4818-98FF-0AFD7052FABD}.Release|Any CPU.ActiveCfg = Release|Any CPU
		{1F99948E-4BE9-4818-98FF-0AFD7052FABD}.Release|Any CPU.Build.0 = Release|Any CPU
	EndGlobalSection
	GlobalSection(SolutionProperties) = preSolution
		HideSolutionNode = FALSE
	EndGlobalSection
	GlobalSection(ExtensibilityGlobals) = postSolution
		SolutionGuid = {24BA5E90-E58B-4C00-BD93-5768F67A0615}
	EndGlobalSection
EndGlobal
